// !$*UTF8*$!
{
	archiveVersion = 1;
	classes = {
	};
	objectVersion = 46;
	objects = {

/* Begin PBXBuildFile section */
		E306B11D1ADBB99A00F91066 /* AppDelegate.swift in Sources */ = {isa = PBXBuildFile; fileRef = E306B11C1ADBB99A00F91066 /* AppDelegate.swift */; };
		E306B11F1ADBB99A00F91066 /* ViewController.swift in Sources */ = {isa = PBXBuildFile; fileRef = E306B11E1ADBB99A00F91066 /* ViewController.swift */; };
		E306B1221ADBB99A00F91066 /* Main.storyboard in Resources */ = {isa = PBXBuildFile; fileRef = E306B1201ADBB99A00F91066 /* Main.storyboard */; };
		E306B1241ADBB99A00F91066 /* Images.xcassets in Resources */ = {isa = PBXBuildFile; fileRef = E306B1231ADBB99A00F91066 /* Images.xcassets */; };
		E306B1271ADBB99A00F91066 /* LaunchScreen.xib in Resources */ = {isa = PBXBuildFile; fileRef = E306B1251ADBB99A00F91066 /* LaunchScreen.xib */; };
		E306B1331ADBB99A00F91066 /* recipiesTests.swift in Sources */ = {isa = PBXBuildFile; fileRef = E306B1321ADBB99A00F91066 /* recipiesTests.swift */; };
		E306B13F1ADBBE1E00F91066 /* 3.png in Resources */ = {isa = PBXBuildFile; fileRef = E306B13C1ADBBE1E00F91066 /* 3.png */; };
		E306B1401ADBBE1E00F91066 /* 2.png in Resources */ = {isa = PBXBuildFile; fileRef = E306B13D1ADBBE1E00F91066 /* 2.png */; };
		E306B1411ADBBE1E00F91066 /* 1.png in Resources */ = {isa = PBXBuildFile; fileRef = E306B13E1ADBBE1E00F91066 /* 1.png */; };
/* End PBXBuildFile section */

/* Begin PBXContainerItemProxy section */
		E306B12D1ADBB99A00F91066 /* PBXContainerItemProxy */ = {
			isa = PBXContainerItemProxy;
			containerPortal = E306B10F1ADBB99A00F91066 /* Project object */;
			proxyType = 1;
			remoteGlobalIDString = E306B1161ADBB99A00F91066;
			remoteInfo = recipies;
		};
/* End PBXContainerItemProxy section */

/* Begin PBXFileReference section */
		E306B1171ADBB99A00F91066 /* recipies.app */ = {isa = PBXFileReference; explicitFileType = wrapper.application; includeInIndex = 0; path = recipies.app; sourceTree = BUILT_PRODUCTS_DIR; };
		E306B11B1ADBB99A00F91066 /* Info.plist */ = {isa = PBXFileReference; lastKnownFileType = text.plist.xml; path = Info.plist; sourceTree = "<group>"; };
		E306B11C1ADBB99A00F91066 /* AppDelegate.swift */ = {isa = PBXFileReference; lastKnownFileType = sourcecode.swift; path = AppDelegate.swift; sourceTree = "<group>"; };
		E306B11E1ADBB99A00F91066 /* ViewController.swift */ = {isa = PBXFileReference; lastKnownFileType = sourcecode.swift; path = ViewController.swift; sourceTree = "<group>"; };
		E306B1211ADBB99A00F91066 /* Base */ = {isa = PBXFileReference; lastKnownFileType = file.storyboard; name = Base; path = Base.lproj/Main.storyboard; sourceTree = "<group>"; };
		E306B1231ADBB99A00F91066 /* Images.xcassets */ = {isa = PBXFileReference; lastKnownFileType = folder.assetcatalog; path = Images.xcassets; sourceTree = "<group>"; };
		E306B1261ADBB99A00F91066 /* Base */ = {isa = PBXFileReference; lastKnownFileType = file.xib; name = Base; path = Base.lproj/LaunchScreen.xib; sourceTree = "<group>"; };
		E306B12C1ADBB99A00F91066 /* recipiesTests.xctest */ = {isa = PBXFileReference; explicitFileType = wrapper.cfbundle; includeInIndex = 0; path = recipiesTests.xctest; sourceTree = BUILT_PRODUCTS_DIR; };
		E306B1311ADBB99A00F91066 /* Info.plist */ = {isa = PBXFileReference; lastKnownFileType = text.plist.xml; path = Info.plist; sourceTree = "<group>"; };
		E306B1321ADBB99A00F91066 /* recipiesTests.swift */ = {isa = PBXFileReference; lastKnownFileType = sourcecode.swift; path = recipiesTests.swift; sourceTree = "<group>"; };
		E306B13C1ADBBE1E00F91066 /* 3.png */ = {isa = PBXFileReference; lastKnownFileType = image.png; path = 3.png; sourceTree = SOURCE_ROOT; };
		E306B13D1ADBBE1E00F91066 /* 2.png */ = {isa = PBXFileReference; lastKnownFileType = image.png; path = 2.png; sourceTree = SOURCE_ROOT; };
		E306B13E1ADBBE1E00F91066 /* 1.png */ = {isa = PBXFileReference; lastKnownFileType = image.png; path = 1.png; sourceTree = SOURCE_ROOT; };
/* End PBXFileReference section */

/* Begin PBXFrameworksBuildPhase section */
		E306B1141ADBB99A00F91066 /* Frameworks */ = {
			isa = PBXFrameworksBuildPhase;
			buildActionMask = 2147483647;
			files = (
			);
			runOnlyForDeploymentPostprocessing = 0;
		};
		E306B1291ADBB99A00F91066 /* Frameworks */ = {
			isa = PBXFrameworksBuildPhase;
			buildActionMask = 2147483647;
			files = (
			);
			runOnlyForDeploymentPostprocessing = 0;
		};
/* End PBXFrameworksBuildPhase section */

/* Begin PBXGroup section */
		E306B10E1ADBB99A00F91066 = {
			isa = PBXGroup;
			children = (
				E306B1191ADBB99A00F91066 /* recipies */,
				E306B12F1ADBB99A00F91066 /* recipiesTests */,
				E306B1181ADBB99A00F91066 /* Products */,
			);
			sourceTree = "<group>";
		};
		E306B1181ADBB99A00F91066 /* Products */ = {
			isa = PBXGroup;
			children = (
				E306B1171ADBB99A00F91066 /* recipies.app */,
				E306B12C1ADBB99A00F91066 /* recipiesTests.xctest */,
			);
			name = Products;
			sourceTree = "<group>";
		};
		E306B1191ADBB99A00F91066 /* recipies */ = {
			isa = PBXGroup;
			children = (
				E306B11C1ADBB99A00F91066 /* AppDelegate.swift */,
				E306B11E1ADBB99A00F91066 /* ViewController.swift */,
				E306B1201ADBB99A00F91066 /* Main.storyboard */,
				E306B1231ADBB99A00F91066 /* Images.xcassets */,
				E306B1251ADBB99A00F91066 /* LaunchScreen.xib */,
				E306B11A1ADBB99A00F91066 /* Supporting Files */,
			);
			path = recipies;
			sourceTree = "<group>";
		};
		E306B11A1ADBB99A00F91066 /* Supporting Files */ = {
			isa = PBXGroup;
			children = (
				E306B13C1ADBBE1E00F91066 /* 3.png */,
				E306B13D1ADBBE1E00F91066 /* 2.png */,
				E306B13E1ADBBE1E00F91066 /* 1.png */,
				E306B11B1ADBB99A00F91066 /* Info.plist */,
			);
			name = "Supporting Files";
			sourceTree = "<group>";
		};
		E306B12F1ADBB99A00F91066 /* recipiesTests */ = {
			isa = PBXGroup;
			children = (
				E306B1321ADBB99A00F91066 /* recipiesTests.swift */,
				E306B1301ADBB99A00F91066 /* Supporting Files */,
			);
			path = recipiesTests;
			sourceTree = "<group>";
		};
		E306B1301ADBB99A00F91066 /* Supporting Files */ = {
			isa = PBXGroup;
			children = (
				E306B1311ADBB99A00F91066 /* Info.plist */,
			);
			name = "Supporting Files";
			sourceTree = "<group>";
		};
/* End PBXGroup section */

/* Begin PBXNativeTarget section */
		E306B1161ADBB99A00F91066 /* recipies */ = {
			isa = PBXNativeTarget;
			buildConfigurationList = E306B1361ADBB99A00F91066 /* Build configuration list for PBXNativeTarget "recipies" */;
			buildPhases = (
				E306B1131ADBB99A00F91066 /* Sources */,
				E306B1141ADBB99A00F91066 /* Frameworks */,
				E306B1151ADBB99A00F91066 /* Resources */,
			);
			buildRules = (
			);
			dependencies = (
			);
			name = recipies;
			productName = recipies;
			productReference = E306B1171ADBB99A00F91066 /* recipies.app */;
			productType = "com.apple.product-type.application";
		};
		E306B12B1ADBB99A00F91066 /* recipiesTests */ = {
			isa = PBXNativeTarget;
			buildConfigurationList = E306B1391ADBB99A00F91066 /* Build configuration list for PBXNativeTarget "recipiesTests" */;
			buildPhases = (
				E306B1281ADBB99A00F91066 /* Sources */,
				E306B1291ADBB99A00F91066 /* Frameworks */,
				E306B12A1ADBB99A00F91066 /* Resources */,
			);
			buildRules = (
			);
			dependencies = (
				E306B12E1ADBB99A00F91066 /* PBXTargetDependency */,
			);
			name = recipiesTests;
			productName = recipiesTests;
			productReference = E306B12C1ADBB99A00F91066 /* recipiesTests.xctest */;
			productType = "com.apple.product-type.bundle.unit-test";
		};
/* End PBXNativeTarget section */

/* Begin PBXProject section */
		E306B10F1ADBB99A00F91066 /* Project object */ = {
			isa = PBXProject;
			attributes = {
				LastUpgradeCheck = 0610;
				ORGANIZATIONNAME = Lapin;
				TargetAttributes = {
					E306B1161ADBB99A00F91066 = {
						CreatedOnToolsVersion = 6.1;
					};
					E306B12B1ADBB99A00F91066 = {
						CreatedOnToolsVersion = 6.1;
						TestTargetID = E306B1161ADBB99A00F91066;
					};
				};
			};
			buildConfigurationList = E306B1121ADBB99A00F91066 /* Build configuration list for PBXProject "recipies" */;
			compatibilityVersion = "Xcode 3.2";
			developmentRegion = English;
			hasScannedForEncodings = 0;
			knownRegions = (
				en,
				Base,
			);
			mainGroup = E306B10E1ADBB99A00F91066;
			productRefGroup = E306B1181ADBB99A00F91066 /* Products */;
			projectDirPath = "";
			projectRoot = "";
			targets = (
				E306B1161ADBB99A00F91066 /* recipies */,
				E306B12B1ADBB99A00F91066 /* recipiesTests */,
			);
		};
/* End PBXProject section */

/* Begin PBXResourcesBuildPhase section */
		E306B1151ADBB99A00F91066 /* Resources */ = {
			isa = PBXResourcesBuildPhase;
			buildActionMask = 2147483647;
			files = (
				E306B1221ADBB99A00F91066 /* Main.storyboard in Resources */,
				E306B1271ADBB99A00F91066 /* LaunchScreen.xib in Resources */,
				E306B1401ADBBE1E00F91066 /* 2.png in Resources */,
				E306B1411ADBBE1E00F91066 /* 1.png in Resources */,
				E306B1241ADBB99A00F91066 /* Images.xcassets in Resources */,
				E306B13F1ADBBE1E00F91066 /* 3.png in Resources */,
			);
			runOnlyForDeploymentPostprocessing = 0;
		};
		E306B12A1ADBB99A00F91066 /* Resources */ = {
			isa = PBXResourcesBuildPhase;
			buildActionMask = 2147483647;
			files = (
			);
			runOnlyForDeploymentPostprocessing = 0;
		};
/* End PBXResourcesBuildPhase section */

/* Begin PBXSourcesBuildPhase section */
		E306B1131ADBB99A00F91066 /* Sources */ = {
			isa = PBXSourcesBuildPhase;
			buildActionMask = 2147483647;
			files = (
				E306B11F1ADBB99A00F91066 /* ViewController.swift in Sources */,
				E306B11D1ADBB99A00F91066 /* AppDelegate.swift in Sources */,
			);
			runOnlyForDeploymentPostprocessing = 0;
		};
		E306B1281ADBB99A00F91066 /* Sources */ = {
			isa = PBXSourcesBuildPhase;
			buildActionMask = 2147483647;
			files = (
				E306B1331ADBB99A00F91066 /* recipiesTests.swift in Sources */,
			);
			runOnlyForDeploymentPostprocessing = 0;
		};
/* End PBXSourcesBuildPhase section */

/* Begin PBXTargetDependency section */
		E306B12E1ADBB99A00F91066 /* PBXTargetDependency */ = {
			isa = PBXTargetDependency;
			target = E306B1161ADBB99A00F91066 /* recipies */;
			targetProxy = E306B12D1ADBB99A00F91066 /* PBXContainerItemProxy */;
		};
/* End PBXTargetDependency section */

/* Begin PBXVariantGroup section */
		E306B1201ADBB99A00F91066 /* Main.storyboard */ = {
			isa = PBXVariantGroup;
			children = (
				E306B1211ADBB99A00F91066 /* Base */,
			);
			name = Main.storyboard;
			sourceTree = "<group>";
		};
		E306B1251ADBB99A00F91066 /* LaunchScreen.xib */ = {
			isa = PBXVariantGroup;
			children = (
				E306B1261ADBB99A00F91066 /* Base */,
			);
			name = LaunchScreen.xib;
			sourceTree = "<group>";
		};
/* End PBXVariantGroup section */

/* Begin XCBuildConfiguration section */
		E306B1341ADBB99A00F91066 /* Debug */ = {
			isa = XCBuildConfiguration;
			buildSettings = {
				ALWAYS_SEARCH_USER_PATHS = NO;
				CLANG_CXX_LANGUAGE_STANDARD = "gnu++0x";
				CLANG_CXX_LIBRARY = "libc++";
				CLANG_ENABLE_MODULES = YES;
				CLANG_ENABLE_OBJC_ARC = YES;
				CLANG_WARN_BOOL_CONVERSION = YES;
				CLANG_WARN_CONSTANT_CONVERSION = YES;
				CLANG_WARN_DIRECT_OBJC_ISA_USAGE = YES_ERROR;
				CLANG_WARN_EMPTY_BODY = YES;
				CLANG_WARN_ENUM_CONVERSION = YES;
				CLANG_WARN_INT_CONVERSION = YES;
				CLANG_WARN_OBJC_ROOT_CLASS = YES_ERROR;
				CLANG_WARN_UNREACHABLE_CODE = YES;
				CLANG_WARN__DUPLICATE_METHOD_MATCH = YES;
				"CODE_SIGN_IDENTITY[sdk=iphoneos*]" = "iPhone Developer";
				COPY_PHASE_STRIP = NO;
				ENABLE_STRICT_OBJC_MSGSEND = YES;
				GCC_C_LANGUAGE_STANDARD = gnu99;
				GCC_DYNAMIC_NO_PIC = NO;
				GCC_OPTIMIZATION_LEVEL = 0;
				GCC_PREPROCESSOR_DEFINITIONS = (
					"DEBUG=1",
					"$(inherited)",
				);
				GCC_SYMBOLS_PRIVATE_EXTERN = NO;
				GCC_WARN_64_TO_32_BIT_CONVERSION = YES;
				GCC_WARN_ABOUT_RETURN_TYPE = YES_ERROR;
				GCC_WARN_UNDECLARED_SELECTOR = YES;
				GCC_WARN_UNINITIALIZED_AUTOS = YES_AGGRESSIVE;
				GCC_WARN_UNUSED_FUNCTION = YES;
				GCC_WARN_UNUSED_VARIABLE = YES;
				IPHONEOS_DEPLOYMENT_TARGET = 8.1;
				MTL_ENABLE_DEBUG_INFO = YES;
				ONLY_ACTIVE_ARCH = YES;
				SDKROOT = iphoneos;
				SWIFT_OPTIMIZATION_LEVEL = "-Onone";
			};
			name = Debug;
		};
		E306B1351ADBB99A00F91066 /* Release */ = {
			isa = XCBuildConfiguration;
			buildSettings = {
				ALWAYS_SEARCH_USER_PATHS = NO;
				CLANG_CXX_LANGUAGE_STANDARD = "gnu++0x";
				CLANG_CXX_LIBRARY = "libc++";
				CLANG_ENABLE_MODULES = YES;
				CLANG_ENABLE_OBJC_ARC = YES;
				CLANG_WARN_BOOL_CONVERSION = YES;
				CLANG_WARN_CONSTANT_CONVERSION = YES;
				CLANG_WARN_DIRECT_OBJC_ISA_USAGE = YES_ERROR;
				CLANG_WARN_EMPTY_BODY = YES;
				CLANG_WARN_ENUM_CONVERSION = YES;
				CLANG_WARN_INT_CONVERSION = YES;
				CLANG_WARN_OBJC_ROOT_CLASS = YES_ERROR;
				CLANG_WARN_UNREACHABLE_CODE = YES;
				CLANG_WARN__DUPLICATE_METHOD_MATCH = YES;
				"CODE_SIGN_IDENTITY[sdk=iphoneos*]" = "iPhone Developer";
				COPY_PHASE_STRIP = YES;
				ENABLE_NS_ASSERTIONS = NO;
				ENABLE_STRICT_OBJC_MSGSEND = YES;
				GCC_C_LANGUAGE_STANDARD = gnu99;
				GCC_WARN_64_TO_32_BIT_CONVERSION = YES;
				GCC_WARN_ABOUT_RETURN_TYPE = YES_ERROR;
				GCC_WARN_UNDECLARED_SELECTOR = YES;
				GCC_WARN_UNINITIALIZED_AUTOS = YES_AGGRESSIVE;
				GCC_WARN_UNUSED_FUNCTION = YES;
				GCC_WARN_UNUSED_VARIABLE = YES;
				IPHONEOS_DEPLOYMENT_TARGET = 8.1;
				MTL_ENABLE_DEBUG_INFO = NO;
				SDKROOT = iphoneos;
				VALIDATE_PRODUCT = YES;
			};
			name = Release;
		};
		E306B1371ADBB99A00F91066 /* Debug */ = {
			isa = XCBuildConfiguration;
			buildSettings = {
				ASSETCATALOG_COMPILER_APPICON_NAME = AppIcon;
				INFOPLIST_FILE = recipies/Info.plist;
				LD_RUNPATH_SEARCH_PATHS = "$(inherited) @executable_path/Frameworks";
				PRODUCT_NAME = "$(TARGET_NAME)";
			};
			name = Debug;
		};
		E306B1381ADBB99A00F91066 /* Release */ = {
			isa = XCBuildConfiguration;
			buildSettings = {
				ASSETCATALOG_COMPILER_APPICON_NAME = AppIcon;
				INFOPLIST_FILE = recipies/Info.plist;
				LD_RUNPATH_SEARCH_PATHS = "$(inherited) @executable_path/Frameworks";
				PRODUCT_NAME = "$(TARGET_NAME)";
			};
			name = Release;
		};
		E306B13A1ADBB99A00F91066 /* Debug */ = {
			isa = XCBuildConfiguration;
			buildSettings = {
				BUNDLE_LOADER = "$(TEST_HOST)";
				FRAMEWORK_SEARCH_PATHS = (
					"$(SDKROOT)/Developer/Library/Frameworks",
					"$(inherited)",
				);
				GCC_PREPROCESSOR_DEFINITIONS = (
					"DEBUG=1",
					"$(inherited)",
				);
				INFOPLIST_FILE = recipiesTests/Info.plist;
				LD_RUNPATH_SEARCH_PATHS = "$(inherited) @executable_path/Frameworks @loader_path/Frameworks";
				PRODUCT_NAME = "$(TARGET_NAME)";
				TEST_HOST = "$(BUILT_PRODUCTS_DIR)/recipies.app/recipies";
			};
			name = Debug;
		};
		E306B13B1ADBB99A00F91066 /* Release */ = {
			isa = XCBuildConfiguration;
			buildSettings = {
				BUNDLE_LOADER = "$(TEST_HOST)";
				FRAMEWORK_SEARCH_PATHS = (
					"$(SDKROOT)/Developer/Library/Frameworks",
					"$(inherited)",
				);
				INFOPLIST_FILE = recipiesTests/Info.plist;
				LD_RUNPATH_SEARCH_PATHS = "$(inherited) @executable_path/Frameworks @loader_path/Frameworks";
				PRODUCT_NAME = "$(TARGET_NAME)";
				TEST_HOST = "$(BUILT_PRODUCTS_DIR)/recipies.app/recipies";
			};
			name = Release;
		};
/* End XCBuildConfiguration section */

/* Begin XCConfigurationList section */
		E306B1121ADBB99A00F91066 /* Build configuration list for PBXProject "recipies" */ = {
			isa = XCConfigurationList;
			buildConfigurations = (
				E306B1341ADBB99A00F91066 /* Debug */,
				E306B1351ADBB99A00F91066 /* Release */,
			);
			defaultConfigurationIsVisible = 0;
			defaultConfigurationName = Release;
		};
		E306B1361ADBB99A00F91066 /* Build configuration list for PBXNativeTarget "recipies" */ = {
			isa = XCConfigurationList;
			buildConfigurations = (
				E306B1371ADBB99A00F91066 /* Debug */,
				E306B1381ADBB99A00F91066 /* Release */,
			);
			defaultConfigurationIsVisible = 0;
		};
		E306B1391ADBB99A00F91066 /* Build configuration list for PBXNativeTarget "recipiesTests" */ = {
			isa = XCConfigurationList;
			buildConfigurations = (
				E306B13A1ADBB99A00F91066 /* Debug */,
				E306B13B1ADBB99A00F91066 /* Release */,
			);
			defaultConfigurationIsVisible = 0;
		};
/* End XCConfigurationList section */
	};
	rootObject = E306B10F1ADBB99A00F91066 /* Project object */;
}
